
Microsoft Visual Studio Solution File, Format Version 12.00
# Visual Studio Version 17
VisualStudioVersion = 17.5.002.0
MinimumVisualStudioVersion = 10.0.40219.1
Project("{9A19103F-16F7-4668-BE54-9A1E7A4F7556}") = "API", "API\API.csproj", "{E5236880-FD0C-4D1B-BB63-8D77E9E71DDE}"
EndProject
Project("{2150E333-8FDC-42A3-9474-1A3956D46DE8}") = "API", "API", "{36A7DCAA-5892-4282-BB4F-FCB03F5CB354}"
EndProject
Project("{FAE04EC0-301F-11D3-BF4B-00C04F79EFBC}") = "Api.Tests", "Api.Tests\Api.Tests.csproj", "{EE70ED42-A386-4404-A2BD-A4ABE68F4535}"
EndProject
Global
	GlobalSection(SolutionConfigurationPlatforms) = preSolution
		Debug|Any CPU = Debug|Any CPU
		Release|Any CPU = Release|Any CPU
	EndGlobalSection
	GlobalSection(ProjectConfigurationPlatforms) = postSolution
		{E5236880-FD0C-4D1B-BB63-8D77E9E71DDE}.Debug|Any CPU.ActiveCfg = Debug|Any CPU
		{E5236880-FD0C-4D1B-BB63-8D77E9E71DDE}.Debug|Any CPU.Build.0 = Debug|Any CPU
		{E5236880-FD0C-4D1B-BB63-8D77E9E71DDE}.Release|Any CPU.ActiveCfg = Release|Any CPU
		{E5236880-FD0C-4D1B-BB63-8D77E9E71DDE}.Release|Any CPU.Build.0 = Release|Any CPU
		{EE70ED42-A386-4404-A2BD-A4ABE68F4535}.Debug|Any CPU.ActiveCfg = Debug|Any CPU
		{EE70ED42-A386-4404-A2BD-A4ABE68F4535}.Debug|Any CPU.Build.0 = Debug|Any CPU
		{EE70ED42-A386-4404-A2BD-A4ABE68F4535}.Release|Any CPU.ActiveCfg = Release|Any CPU
		{EE70ED42-A386-4404-A2BD-A4ABE68F4535}.Release|Any CPU.Build.0 = Release|Any CPU
	EndGlobalSection
	GlobalSection(SolutionProperties) = preSolution
		HideSolutionNode = FALSE
	EndGlobalSection
	GlobalSection(NestedProjects) = preSolution
		{E5236880-FD0C-4D1B-BB63-8D77E9E71DDE} = {36A7DCAA-5892-4282-BB4F-FCB03F5CB354}
	EndGlobalSection
	GlobalSection(ExtensibilityGlobals) = postSolution
		SolutionGuid = {9E8EE914-17E0-4937-8DED-BFE1B230125F}
	EndGlobalSection
EndGlobal
